
Microsoft Visual Studio Solution File, Format Version 12.00
# Visual Studio 14
VisualStudioVersion = 14.0.24720.0
MinimumVisualStudioVersion = 10.0.40219.1
Project("{8BC9CEB8-8B4A-11D0-8D11-00A0C91BC942}") = "AphBase", "..\LBNavigator\Aphereon4\Source\AphBase_VS2015.vcxproj", "{689CED41-EBD2-475E-9BCE-BB58FBCE5ECD}"
EndProject
Project("{8BC9CEB8-8B4A-11D0-8D11-00A0C91BC942}") = "AphMath", "..\LBNavigator\Aphereon4\Source\AphMath_VS2015.vcxproj", "{5D17FA30-6F91-4B98-AA5A-9D72CC8B4927}"
EndProject
Project("{8BC9CEB8-8B4A-11D0-8D11-00A0C91BC942}") = "AphSQUARED", "..\LBNavigator\Aphereon4\Source\AphSQUARED_VS2015.vcxproj", "{DBD129D9-2CA1-4C48-9051-F06960E84880}"
EndProject
Project("{8BC9CEB8-8B4A-11D0-8D11-00A0C91BC942}") = "AphHDRR", "..\LBNavigator\Aphereon4\Source\AphHDRR_VS2015.vcxproj", "{E58FE800-C376-4848-BE0E-613987168999}"
EndProject
Project("{8BC9CEB8-8B4A-11D0-8D11-00A0C91BC942}") = "AphExtIO", "..\LBNavigator\Aphereon4\Source\AphExtIO_VS2015.vcxproj", "{C675CDEA-6E6C-4642-A23E-7821D8ADF659}"
EndProject
Project("{8BC9CEB8-8B4A-11D0-8D11-00A0C91BC942}") = "AphAQUA", "..\LBNavigator\Aphereon4\Source\AphAQUA_VS2015.vcxproj", "{6BED1927-5C53-491A-855F-ED486E2EA160}"
EndProject
Project("{8BC9CEB8-8B4A-11D0-8D11-00A0C91BC942}") = "AphImage", "..\LBNavigator\Aphereon4\Source\AphImage_VS2015.vcxproj", "{9BFDC8AC-B024-4510-B76B-2F1D7912E0DB}"
EndProject
Project("{8BC9CEB8-8B4A-11D0-8D11-00A0C91BC942}") = "AphCGL", "..\LBNavigator\Aphereon4\Source\AphCGL_VS2015.vcxproj", "{A11C4DCD-4C29-4268-8ED8-00E1CB704309}"
EndProject
Project("{8BC9CEB8-8B4A-11D0-8D11-00A0C91BC942}") = "AphScript", "..\LBNavigator\Aphereon4\Source\AphScript_VS2015.vcxproj", "{CD3C18BF-7FC7-4EA4-ADC4-09E5283C854E}"
EndProject
Project("{8BC9CEB8-8B4A-11D0-8D11-00A0C91BC942}") = "LuaSocketMime", "..\LBNavigator\Aphereon4\ThirdParty\lua\luasocket\mime_VS2015.vcxproj", "{128E8BD0-174A-48F0-8771-92B1E8D18713}"
EndProject
Project("{8BC9CEB8-8B4A-11D0-8D11-00A0C91BC942}") = "LuaSocket", "..\LBNavigator\Aphereon4\ThirdParty\lua\luasocket\socket_VS2015.vcxproj", "{66E3CE14-884D-4AEA-9F20-15A0BEAF8C5A}"
EndProject
Project("{8BC9CEB8-8B4A-11D0-8D11-00A0C91BC942}") = "Tutorial", "Apps\RemoteView\RemoteView_VS2015.vcxproj", "{C65FC252-67B8-4D45-BBDB-1BE0415496BD}"
EndProject
Project("{8BC9CEB8-8B4A-11D0-8D11-00A0C91BC942}") = "Aph3D", "..\LBNavigator\Aphereon4\Source\Aph3D_VS2015.vcxproj", "{7291B18E-8190-4AE0-93BA-E64027F1D4AF}"
EndProject
Project("{8BC9CEB8-8B4A-11D0-8D11-00A0C91BC942}") = "AphAC", "..\LBNavigator\Aphereon4\Source\AphAC_VS2015.vcxproj", "{8225DE43-4ED2-4FC7-8046-F2FD1FF60CE3}"
EndProject
Project("{8BC9CEB8-8B4A-11D0-8D11-00A0C91BC942}") = "AphAppMan", "..\LBNavigator\Aphereon4\Source\AphAppMan_VS2015.vcxproj", "{BDE2411F-DC9B-4CEC-957D-EEC70FC4069A}"
EndProject
Project("{8BC9CEB8-8B4A-11D0-8D11-00A0C91BC942}") = "AphModels", "..\LBNavigator\Aphereon4\Source\AphModels_VS2015.vcxproj", "{7CA1A751-E1ED-4C8A-8315-842841CB648F}"
EndProject
Project("{8BC9CEB8-8B4A-11D0-8D11-00A0C91BC942}") = "glew_static_VS2015", "..\LBNavigator\Aphereon4\ThirdParty\GLEW\build\vc10\glew_static_VS2015.vcxproj", "{664E6F0D-6784-4760-9565-D54F8EB1EDF4}"
EndProject
Global
	GlobalSection(SolutionConfigurationPlatforms) = preSolution
		Debug MX|Win32 = Debug MX|Win32
		Debug MX|x64 = Debug MX|x64
		Debug|Win32 = Debug|Win32
		Debug|x64 = Debug|x64
		DebugGdILocalion|Win32 = DebugGdILocalion|Win32
		DebugGdILocalion|x64 = DebugGdILocalion|x64
		Release MX|Win32 = Release MX|Win32
		Release MX|x64 = Release MX|x64
		Release|Win32 = Release|Win32
		Release|x64 = Release|x64
		ReleaseGDILocalion|Win32 = ReleaseGDILocalion|Win32
		ReleaseGDILocalion|x64 = ReleaseGDILocalion|x64
	EndGlobalSection
	GlobalSection(ProjectConfigurationPlatforms) = postSolution
		{689CED41-EBD2-475E-9BCE-BB58FBCE5ECD}.Debug MX|Win32.ActiveCfg = DebugAndroid|Win32
		{689CED41-EBD2-475E-9BCE-BB58FBCE5ECD}.Debug MX|Win32.Build.0 = DebugAndroid|Win32
		{689CED41-EBD2-475E-9BCE-BB58FBCE5ECD}.Debug MX|x64.ActiveCfg = DebugAndroid|x64
		{689CED41-EBD2-475E-9BCE-BB58FBCE5ECD}.Debug MX|x64.Build.0 = DebugAndroid|x64
		{689CED41-EBD2-475E-9BCE-BB58FBCE5ECD}.Debug|Win32.ActiveCfg = Debug|Win32
		{689CED41-EBD2-475E-9BCE-BB58FBCE5ECD}.Debug|Win32.Build.0 = Debug|Win32
		{689CED41-EBD2-475E-9BCE-BB58FBCE5ECD}.Debug|x64.ActiveCfg = Debug|x64
		{689CED41-EBD2-475E-9BCE-BB58FBCE5ECD}.Debug|x64.Build.0 = Debug|x64
		{689CED41-EBD2-475E-9BCE-BB58FBCE5ECD}.DebugGdILocalion|Win32.ActiveCfg = DebugGdILocalion|Win32
		{689CED41-EBD2-475E-9BCE-BB58FBCE5ECD}.DebugGdILocalion|Win32.Build.0 = DebugGdILocalion|Win32
		{689CED41-EBD2-475E-9BCE-BB58FBCE5ECD}.DebugGdILocalion|x64.ActiveCfg = DebugGdILocalion|x64
		{689CED41-EBD2-475E-9BCE-BB58FBCE5ECD}.DebugGdILocalion|x64.Build.0 = DebugGdILocalion|x64
		{689CED41-EBD2-475E-9BCE-BB58FBCE5ECD}.Release MX|Win32.ActiveCfg = ReleaseGDILocalion|Win32
		{689CED41-EBD2-475E-9BCE-BB58FBCE5ECD}.Release MX|Win32.Build.0 = ReleaseGDILocalion|Win32
		{689CED41-EBD2-475E-9BCE-BB58FBCE5ECD}.Release MX|x64.ActiveCfg = ReleaseGDILocalion|x64
		{689CED41-EBD2-475E-9BCE-BB58FBCE5ECD}.Release MX|x64.Build.0 = ReleaseGDILocalion|x64
		{689CED41-EBD2-475E-9BCE-BB58FBCE5ECD}.Release|Win32.ActiveCfg = Release|Win32
		{689CED41-EBD2-475E-9BCE-BB58FBCE5ECD}.Release|Win32.Build.0 = Release|Win32
		{689CED41-EBD2-475E-9BCE-BB58FBCE5ECD}.Release|x64.ActiveCfg = Release|x64
		{689CED41-EBD2-475E-9BCE-BB58FBCE5ECD}.Release|x64.Build.0 = Release|x64
		{689CED41-EBD2-475E-9BCE-BB58FBCE5ECD}.ReleaseGDILocalion|Win32.ActiveCfg = ReleaseGDILocalion|Win32
		{689CED41-EBD2-475E-9BCE-BB58FBCE5ECD}.ReleaseGDILocalion|Win32.Build.0 = ReleaseGDILocalion|Win32
		{689CED41-EBD2-475E-9BCE-BB58FBCE5ECD}.ReleaseGDILocalion|x64.ActiveCfg = ReleaseGDILocalion|x64
		{689CED41-EBD2-475E-9BCE-BB58FBCE5ECD}.ReleaseGDILocalion|x64.Build.0 = ReleaseGDILocalion|x64
		{5D17FA30-6F91-4B98-AA5A-9D72CC8B4927}.Debug MX|Win32.ActiveCfg = DebugAndroid|Win32
		{5D17FA30-6F91-4B98-AA5A-9D72CC8B4927}.Debug MX|Win32.Build.0 = DebugAndroid|Win32
		{5D17FA30-6F91-4B98-AA5A-9D72CC8B4927}.Debug MX|x64.ActiveCfg = DebugAndroid|x64
		{5D17FA30-6F91-4B98-AA5A-9D72CC8B4927}.Debug MX|x64.Build.0 = DebugAndroid|x64
		{5D17FA30-6F91-4B98-AA5A-9D72CC8B4927}.Debug|Win32.ActiveCfg = Debug|Win32
		{5D17FA30-6F91-4B98-AA5A-9D72CC8B4927}.Debug|Win32.Build.0 = Debug|Win32
		{5D17FA30-6F91-4B98-AA5A-9D72CC8B4927}.Debug|x64.ActiveCfg = Debug|x64
		{5D17FA30-6F91-4B98-AA5A-9D72CC8B4927}.Debug|x64.Build.0 = Debug|x64
		{5D17FA30-6F91-4B98-AA5A-9D72CC8B4927}.DebugGdILocalion|Win32.ActiveCfg = DebugGdILocalion|Win32
		{5D17FA30-6F91-4B98-AA5A-9D72CC8B4927}.DebugGdILocalion|Win32.Build.0 = DebugGdILocalion|Win32
		{5D17FA30-6F91-4B98-AA5A-9D72CC8B4927}.DebugGdILocalion|x64.ActiveCfg = DebugGdILocalion|x64
		{5D17FA30-6F91-4B98-AA5A-9D72CC8B4927}.DebugGdILocalion|x64.Build.0 = DebugGdILocalion|x64
		{5D17FA30-6F91-4B98-AA5A-9D72CC8B4927}.Release MX|Win32.ActiveCfg = ReleaseGDILocalion|Win32
		{5D17FA30-6F91-4B98-AA5A-9D72CC8B4927}.Release MX|Win32.Build.0 = ReleaseGDILocalion|Win32
		{5D17FA30-6F91-4B98-AA5A-9D72CC8B4927}.Release MX|x64.ActiveCfg = ReleaseGDILocalion|x64
		{5D17FA30-6F91-4B98-AA5A-9D72CC8B4927}.Release MX|x64.Build.0 = ReleaseGDILocalion|x64
		{5D17FA30-6F91-4B98-AA5A-9D72CC8B4927}.Release|Win32.ActiveCfg = Release|Win32
		{5D17FA30-6F91-4B98-AA5A-9D72CC8B4927}.Release|Win32.Build.0 = Release|Win32
		{5D17FA30-6F91-4B98-AA5A-9D72CC8B4927}.Release|x64.ActiveCfg = Release|x64
		{5D17FA30-6F91-4B98-AA5A-9D72CC8B4927}.Release|x64.Build.0 = Release|x64
		{5D17FA30-6F91-4B98-AA5A-9D72CC8B4927}.ReleaseGDILocalion|Win32.ActiveCfg = ReleaseGDILocalion|Win32
		{5D17FA30-6F91-4B98-AA5A-9D72CC8B4927}.ReleaseGDILocalion|Win32.Build.0 = ReleaseGDILocalion|Win32
		{5D17FA30-6F91-4B98-AA5A-9D72CC8B4927}.ReleaseGDILocalion|x64.ActiveCfg = ReleaseGDILocalion|x64
		{5D17FA30-6F91-4B98-AA5A-9D72CC8B4927}.ReleaseGDILocalion|x64.Build.0 = ReleaseGDILocalion|x64
		{DBD129D9-2CA1-4C48-9051-F06960E84880}.Debug MX|Win32.ActiveCfg = DebugAndroid|Win32
		{DBD129D9-2CA1-4C48-9051-F06960E84880}.Debug MX|Win32.Build.0 = DebugAndroid|Win32
		{DBD129D9-2CA1-4C48-9051-F06960E84880}.Debug MX|x64.ActiveCfg = DebugAndroid|x64
		{DBD129D9-2CA1-4C48-9051-F06960E84880}.Debug MX|x64.Build.0 = DebugAndroid|x64
		{DBD129D9-2CA1-4C48-9051-F06960E84880}.Debug|Win32.ActiveCfg = Debug|Win32
		{DBD129D9-2CA1-4C48-9051-F06960E84880}.Debug|Win32.Build.0 = Debug|Win32
		{DBD129D9-2CA1-4C48-9051-F06960E84880}.Debug|x64.ActiveCfg = Debug|x64
		{DBD129D9-2CA1-4C48-9051-F06960E84880}.Debug|x64.Build.0 = Debug|x64
		{DBD129D9-2CA1-4C48-9051-F06960E84880}.DebugGdILocalion|Win32.ActiveCfg = DebugGdILocalion|Win32
		{DBD129D9-2CA1-4C48-9051-F06960E84880}.DebugGdILocalion|Win32.Build.0 = DebugGdILocalion|Win32
		{DBD129D9-2CA1-4C48-9051-F06960E84880}.DebugGdILocalion|x64.ActiveCfg = DebugGdILocalion|x64
		{DBD129D9-2CA1-4C48-9051-F06960E84880}.DebugGdILocalion|x64.Build.0 = DebugGdILocalion|x64
		{DBD129D9-2CA1-4C48-9051-F06960E84880}.Release MX|Win32.ActiveCfg = ReleaseGDILocalion|Win32
		{DBD129D9-2CA1-4C48-9051-F06960E84880}.Release MX|Win32.Build.0 = ReleaseGDILocalion|Win32
		{DBD129D9-2CA1-4C48-9051-F06960E84880}.Release MX|x64.ActiveCfg = ReleaseGDILocalion|x64
		{DBD129D9-2CA1-4C48-9051-F06960E84880}.Release MX|x64.Build.0 = ReleaseGDILocalion|x64
		{DBD129D9-2CA1-4C48-9051-F06960E84880}.Release|Win32.ActiveCfg = Release|Win32
		{DBD129D9-2CA1-4C48-9051-F06960E84880}.Release|Win32.Build.0 = Release|Win32
		{DBD129D9-2CA1-4C48-9051-F06960E84880}.Release|x64.ActiveCfg = Release|x64
		{DBD129D9-2CA1-4C48-9051-F06960E84880}.Release|x64.Build.0 = Release|x64
		{DBD129D9-2CA1-4C48-9051-F06960E84880}.ReleaseGDILocalion|Win32.ActiveCfg = ReleaseGDILocalion|Win32
		{DBD129D9-2CA1-4C48-9051-F06960E84880}.ReleaseGDILocalion|Win32.Build.0 = ReleaseGDILocalion|Win32
		{DBD129D9-2CA1-4C48-9051-F06960E84880}.ReleaseGDILocalion|x64.ActiveCfg = ReleaseGDILocalion|x64
		{DBD129D9-2CA1-4C48-9051-F06960E84880}.ReleaseGDILocalion|x64.Build.0 = ReleaseGDILocalion|x64
		{E58FE800-C376-4848-BE0E-613987168999}.Debug MX|Win32.ActiveCfg = Debug|Win32
		{E58FE800-C376-4848-BE0E-613987168999}.Debug MX|Win32.Build.0 = Debug|Win32
		{E58FE800-C376-4848-BE0E-613987168999}.Debug MX|x64.ActiveCfg = Debug|x64
		{E58FE800-C376-4848-BE0E-613987168999}.Debug MX|x64.Build.0 = Debug|x64
		{E58FE800-C376-4848-BE0E-613987168999}.Debug|Win32.ActiveCfg = Debug|Win32
		{E58FE800-C376-4848-BE0E-613987168999}.Debug|Win32.Build.0 = Debug|Win32
		{E58FE800-C376-4848-BE0E-613987168999}.Debug|x64.ActiveCfg = Debug|x64
		{E58FE800-C376-4848-BE0E-613987168999}.Debug|x64.Build.0 = Debug|x64
		{E58FE800-C376-4848-BE0E-613987168999}.DebugGdILocalion|Win32.ActiveCfg = Debug|Win32
		{E58FE800-C376-4848-BE0E-613987168999}.DebugGdILocalion|Win32.Build.0 = Debug|Win32
		{E58FE800-C376-4848-BE0E-613987168999}.DebugGdILocalion|x64.ActiveCfg = Debug|x64
		{E58FE800-C376-4848-BE0E-613987168999}.DebugGdILocalion|x64.Build.0 = Debug|x64
		{E58FE800-C376-4848-BE0E-613987168999}.Release MX|Win32.ActiveCfg = Release|Win32
		{E58FE800-C376-4848-BE0E-613987168999}.Release MX|Win32.Build.0 = Release|Win32
		{E58FE800-C376-4848-BE0E-613987168999}.Release MX|x64.ActiveCfg = Release|x64
		{E58FE800-C376-4848-BE0E-613987168999}.Release MX|x64.Build.0 = Release|x64
		{E58FE800-C376-4848-BE0E-613987168999}.Release|Win32.ActiveCfg = Release|Win32
		{E58FE800-C376-4848-BE0E-613987168999}.Release|Win32.Build.0 = Release|Win32
		{E58FE800-C376-4848-BE0E-613987168999}.Release|x64.ActiveCfg = Release|x64
		{E58FE800-C376-4848-BE0E-613987168999}.Release|x64.Build.0 = Release|x64
		{E58FE800-C376-4848-BE0E-613987168999}.ReleaseGDILocalion|Win32.ActiveCfg = Release|Win32
		{E58FE800-C376-4848-BE0E-613987168999}.ReleaseGDILocalion|Win32.Build.0 = Release|Win32
		{E58FE800-C376-4848-BE0E-613987168999}.ReleaseGDILocalion|x64.ActiveCfg = Release|x64
		{E58FE800-C376-4848-BE0E-613987168999}.ReleaseGDILocalion|x64.Build.0 = Release|x64
		{C675CDEA-6E6C-4642-A23E-7821D8ADF659}.Debug MX|Win32.ActiveCfg = DebugAndroid|Win32
		{C675CDEA-6E6C-4642-A23E-7821D8ADF659}.Debug MX|Win32.Build.0 = DebugAndroid|Win32
		{C675CDEA-6E6C-4642-A23E-7821D8ADF659}.Debug MX|x64.ActiveCfg = DebugAndroid|x64
		{C675CDEA-6E6C-4642-A23E-7821D8ADF659}.Debug MX|x64.Build.0 = DebugAndroid|x64
		{C675CDEA-6E6C-4642-A23E-7821D8ADF659}.Debug|Win32.ActiveCfg = Debug|Win32
		{C675CDEA-6E6C-4642-A23E-7821D8ADF659}.Debug|Win32.Build.0 = Debug|Win32
		{C675CDEA-6E6C-4642-A23E-7821D8ADF659}.Debug|x64.ActiveCfg = Debug|x64
		{C675CDEA-6E6C-4642-A23E-7821D8ADF659}.Debug|x64.Build.0 = Debug|x64
		{C675CDEA-6E6C-4642-A23E-7821D8ADF659}.DebugGdILocalion|Win32.ActiveCfg = DebugGdILocalion|Win32
		{C675CDEA-6E6C-4642-A23E-7821D8ADF659}.DebugGdILocalion|Win32.Build.0 = DebugGdILocalion|Win32
		{C675CDEA-6E6C-4642-A23E-7821D8ADF659}.DebugGdILocalion|x64.ActiveCfg = DebugGdILocalion|x64
		{C675CDEA-6E6C-4642-A23E-7821D8ADF659}.DebugGdILocalion|x64.Build.0 = DebugGdILocalion|x64
		{C675CDEA-6E6C-4642-A23E-7821D8ADF659}.Release MX|Win32.ActiveCfg = ReleaseGDILocalion|Win32
		{C675CDEA-6E6C-4642-A23E-7821D8ADF659}.Release MX|Win32.Build.0 = ReleaseGDILocalion|Win32
		{C675CDEA-6E6C-4642-A23E-7821D8ADF659}.Release MX|x64.ActiveCfg = ReleaseGDILocalion|x64
		{C675CDEA-6E6C-4642-A23E-7821D8ADF659}.Release MX|x64.Build.0 = ReleaseGDILocalion|x64
		{C675CDEA-6E6C-4642-A23E-7821D8ADF659}.Release|Win32.ActiveCfg = Release|Win32
		{C675CDEA-6E6C-4642-A23E-7821D8ADF659}.Release|Win32.Build.0 = Release|Win32
		{C675CDEA-6E6C-4642-A23E-7821D8ADF659}.Release|x64.ActiveCfg = Release|x64
		{C675CDEA-6E6C-4642-A23E-7821D8ADF659}.Release|x64.Build.0 = Release|x64
		{C675CDEA-6E6C-4642-A23E-7821D8ADF659}.ReleaseGDILocalion|Win32.ActiveCfg = ReleaseGDILocalion|Win32
		{C675CDEA-6E6C-4642-A23E-7821D8ADF659}.ReleaseGDILocalion|Win32.Build.0 = ReleaseGDILocalion|Win32
		{C675CDEA-6E6C-4642-A23E-7821D8ADF659}.ReleaseGDILocalion|x64.ActiveCfg = ReleaseGDILocalion|x64
		{C675CDEA-6E6C-4642-A23E-7821D8ADF659}.ReleaseGDILocalion|x64.Build.0 = ReleaseGDILocalion|x64
		{6BED1927-5C53-491A-855F-ED486E2EA160}.Debug MX|Win32.ActiveCfg = DebugGdILocalion|Win32
		{6BED1927-5C53-491A-855F-ED486E2EA160}.Debug MX|Win32.Build.0 = DebugGdILocalion|Win32
		{6BED1927-5C53-491A-855F-ED486E2EA160}.Debug MX|x64.ActiveCfg = DebugGdILocalion|x64
		{6BED1927-5C53-491A-855F-ED486E2EA160}.Debug MX|x64.Build.0 = DebugGdILocalion|x64
		{6BED1927-5C53-491A-855F-ED486E2EA160}.Debug|Win32.ActiveCfg = Debug|Win32
		{6BED1927-5C53-491A-855F-ED486E2EA160}.Debug|Win32.Build.0 = Debug|Win32
		{6BED1927-5C53-491A-855F-ED486E2EA160}.Debug|x64.ActiveCfg = Debug|x64
		{6BED1927-5C53-491A-855F-ED486E2EA160}.Debug|x64.Build.0 = Debug|x64
		{6BED1927-5C53-491A-855F-ED486E2EA160}.DebugGdILocalion|Win32.ActiveCfg = DebugGdILocalion|Win32
		{6BED1927-5C53-491A-855F-ED486E2EA160}.DebugGdILocalion|Win32.Build.0 = DebugGdILocalion|Win32
		{6BED1927-5C53-491A-855F-ED486E2EA160}.DebugGdILocalion|x64.ActiveCfg = DebugGdILocalion|x64
		{6BED1927-5C53-491A-855F-ED486E2EA160}.DebugGdILocalion|x64.Build.0 = DebugGdILocalion|x64
		{6BED1927-5C53-491A-855F-ED486E2EA160}.Release MX|Win32.ActiveCfg = ReleaseGDILocalion|Win32
		{6BED1927-5C53-491A-855F-ED486E2EA160}.Release MX|Win32.Build.0 = ReleaseGDILocalion|Win32
		{6BED1927-5C53-491A-855F-ED486E2EA160}.Release MX|x64.ActiveCfg = ReleaseGDILocalion|x64
		{6BED1927-5C53-491A-855F-ED486E2EA160}.Release MX|x64.Build.0 = ReleaseGDILocalion|x64
		{6BED1927-5C53-491A-855F-ED486E2EA160}.Release|Win32.ActiveCfg = Release|Win32
		{6BED1927-5C53-491A-855F-ED486E2EA160}.Release|Win32.Build.0 = Release|Win32
		{6BED1927-5C53-491A-855F-ED486E2EA160}.Release|x64.ActiveCfg = Release|x64
		{6BED1927-5C53-491A-855F-ED486E2EA160}.Release|x64.Build.0 = Release|x64
		{6BED1927-5C53-491A-855F-ED486E2EA160}.ReleaseGDILocalion|Win32.ActiveCfg = ReleaseGDILocalion|Win32
		{6BED1927-5C53-491A-855F-ED486E2EA160}.ReleaseGDILocalion|Win32.Build.0 = ReleaseGDILocalion|Win32
		{6BED1927-5C53-491A-855F-ED486E2EA160}.ReleaseGDILocalion|x64.ActiveCfg = ReleaseGDILocalion|x64
		{6BED1927-5C53-491A-855F-ED486E2EA160}.ReleaseGDILocalion|x64.Build.0 = ReleaseGDILocalion|x64
		{9BFDC8AC-B024-4510-B76B-2F1D7912E0DB}.Debug MX|Win32.ActiveCfg = DebugAndroid|Win32
		{9BFDC8AC-B024-4510-B76B-2F1D7912E0DB}.Debug MX|Win32.Build.0 = DebugAndroid|Win32
		{9BFDC8AC-B024-4510-B76B-2F1D7912E0DB}.Debug MX|x64.ActiveCfg = DebugAndroid|x64
		{9BFDC8AC-B024-4510-B76B-2F1D7912E0DB}.Debug MX|x64.Build.0 = DebugAndroid|x64
		{9BFDC8AC-B024-4510-B76B-2F1D7912E0DB}.Debug|Win32.ActiveCfg = Debug|Win32
		{9BFDC8AC-B024-4510-B76B-2F1D7912E0DB}.Debug|Win32.Build.0 = Debug|Win32
		{9BFDC8AC-B024-4510-B76B-2F1D7912E0DB}.Debug|x64.ActiveCfg = Debug|x64
		{9BFDC8AC-B024-4510-B76B-2F1D7912E0DB}.Debug|x64.Build.0 = Debug|x64
		{9BFDC8AC-B024-4510-B76B-2F1D7912E0DB}.DebugGdILocalion|Win32.ActiveCfg = DebugGdILocalion|Win32
		{9BFDC8AC-B024-4510-B76B-2F1D7912E0DB}.DebugGdILocalion|Win32.Build.0 = DebugGdILocalion|Win32
		{9BFDC8AC-B024-4510-B76B-2F1D7912E0DB}.DebugGdILocalion|x64.ActiveCfg = DebugGdILocalion|x64
		{9BFDC8AC-B024-4510-B76B-2F1D7912E0DB}.DebugGdILocalion|x64.Build.0 = DebugGdILocalion|x64
		{9BFDC8AC-B024-4510-B76B-2F1D7912E0DB}.Release MX|Win32.ActiveCfg = ReleaseGDILocalion|Win32
		{9BFDC8AC-B024-4510-B76B-2F1D7912E0DB}.Release MX|Win32.Build.0 = ReleaseGDILocalion|Win32
		{9BFDC8AC-B024-4510-B76B-2F1D7912E0DB}.Release MX|x64.ActiveCfg = ReleaseGDILocalion|x64
		{9BFDC8AC-B024-4510-B76B-2F1D7912E0DB}.Release MX|x64.Build.0 = ReleaseGDILocalion|x64
		{9BFDC8AC-B024-4510-B76B-2F1D7912E0DB}.Release|Win32.ActiveCfg = Release|Win32
		{9BFDC8AC-B024-4510-B76B-2F1D7912E0DB}.Release|Win32.Build.0 = Release|Win32
		{9BFDC8AC-B024-4510-B76B-2F1D7912E0DB}.Release|x64.ActiveCfg = Release|x64
		{9BFDC8AC-B024-4510-B76B-2F1D7912E0DB}.Release|x64.Build.0 = Release|x64
		{9BFDC8AC-B024-4510-B76B-2F1D7912E0DB}.ReleaseGDILocalion|Win32.ActiveCfg = ReleaseGDILocalion|Win32
		{9BFDC8AC-B024-4510-B76B-2F1D7912E0DB}.ReleaseGDILocalion|Win32.Build.0 = ReleaseGDILocalion|Win32
		{9BFDC8AC-B024-4510-B76B-2F1D7912E0DB}.ReleaseGDILocalion|x64.ActiveCfg = ReleaseGDILocalion|x64
		{9BFDC8AC-B024-4510-B76B-2F1D7912E0DB}.ReleaseGDILocalion|x64.Build.0 = ReleaseGDILocalion|x64
		{A11C4DCD-4C29-4268-8ED8-00E1CB704309}.Debug MX|Win32.ActiveCfg = DebugAndroid|Win32
		{A11C4DCD-4C29-4268-8ED8-00E1CB704309}.Debug MX|Win32.Build.0 = DebugAndroid|Win32
		{A11C4DCD-4C29-4268-8ED8-00E1CB704309}.Debug MX|x64.ActiveCfg = DebugAndroid|x64
		{A11C4DCD-4C29-4268-8ED8-00E1CB704309}.Debug MX|x64.Build.0 = DebugAndroid|x64
		{A11C4DCD-4C29-4268-8ED8-00E1CB704309}.Debug|Win32.ActiveCfg = Debug|Win32
		{A11C4DCD-4C29-4268-8ED8-00E1CB704309}.Debug|Win32.Build.0 = Debug|Win32
		{A11C4DCD-4C29-4268-8ED8-00E1CB704309}.Debug|x64.ActiveCfg = Debug|x64
		{A11C4DCD-4C29-4268-8ED8-00E1CB704309}.Debug|x64.Build.0 = Debug|x64
		{A11C4DCD-4C29-4268-8ED8-00E1CB704309}.DebugGdILocalion|Win32.ActiveCfg = DebugGdILocalion|Win32
		{A11C4DCD-4C29-4268-8ED8-00E1CB704309}.DebugGdILocalion|Win32.Build.0 = DebugGdILocalion|Win32
		{A11C4DCD-4C29-4268-8ED8-00E1CB704309}.DebugGdILocalion|x64.ActiveCfg = DebugGdILocalion|x64
		{A11C4DCD-4C29-4268-8ED8-00E1CB704309}.DebugGdILocalion|x64.Build.0 = DebugGdILocalion|x64
		{A11C4DCD-4C29-4268-8ED8-00E1CB704309}.Release MX|Win32.ActiveCfg = ReleaseGDILocalion|Win32
		{A11C4DCD-4C29-4268-8ED8-00E1CB704309}.Release MX|Win32.Build.0 = ReleaseGDILocalion|Win32
		{A11C4DCD-4C29-4268-8ED8-00E1CB704309}.Release MX|x64.ActiveCfg = Release|x64
		{A11C4DCD-4C29-4268-8ED8-00E1CB704309}.Release MX|x64.Build.0 = Release|x64
		{A11C4DCD-4C29-4268-8ED8-00E1CB704309}.Release|Win32.ActiveCfg = Release|Win32
		{A11C4DCD-4C29-4268-8ED8-00E1CB704309}.Release|Win32.Build.0 = Release|Win32
		{A11C4DCD-4C29-4268-8ED8-00E1CB704309}.Release|x64.ActiveCfg = Release|Win32
		{A11C4DCD-4C29-4268-8ED8-00E1CB704309}.ReleaseGDILocalion|Win32.ActiveCfg = ReleaseGDILocalion|Win32
		{A11C4DCD-4C29-4268-8ED8-00E1CB704309}.ReleaseGDILocalion|Win32.Build.0 = ReleaseGDILocalion|Win32
		{A11C4DCD-4C29-4268-8ED8-00E1CB704309}.ReleaseGDILocalion|x64.ActiveCfg = ReleaseGDILocalion|x64
		{A11C4DCD-4C29-4268-8ED8-00E1CB704309}.ReleaseGDILocalion|x64.Build.0 = ReleaseGDILocalion|x64
		{CD3C18BF-7FC7-4EA4-ADC4-09E5283C854E}.Debug MX|Win32.ActiveCfg = DebugGdILocalion|Win32
		{CD3C18BF-7FC7-4EA4-ADC4-09E5283C854E}.Debug MX|Win32.Build.0 = DebugGdILocalion|Win32
		{CD3C18BF-7FC7-4EA4-ADC4-09E5283C854E}.Debug MX|x64.ActiveCfg = DebugGdILocalion|x64
		{CD3C18BF-7FC7-4EA4-ADC4-09E5283C854E}.Debug MX|x64.Build.0 = DebugGdILocalion|x64
		{CD3C18BF-7FC7-4EA4-ADC4-09E5283C854E}.Debug|Win32.ActiveCfg = Debug|Win32
		{CD3C18BF-7FC7-4EA4-ADC4-09E5283C854E}.Debug|Win32.Build.0 = Debug|Win32
		{CD3C18BF-7FC7-4EA4-ADC4-09E5283C854E}.Debug|x64.ActiveCfg = Debug|x64
		{CD3C18BF-7FC7-4EA4-ADC4-09E5283C854E}.Debug|x64.Build.0 = Debug|x64
		{CD3C18BF-7FC7-4EA4-ADC4-09E5283C854E}.DebugGdILocalion|Win32.ActiveCfg = DebugGdILocalion|Win32
		{CD3C18BF-7FC7-4EA4-ADC4-09E5283C854E}.DebugGdILocalion|Win32.Build.0 = DebugGdILocalion|Win32
		{CD3C18BF-7FC7-4EA4-ADC4-09E5283C854E}.DebugGdILocalion|x64.ActiveCfg = DebugGdILocalion|x64
		{CD3C18BF-7FC7-4EA4-ADC4-09E5283C854E}.DebugGdILocalion|x64.Build.0 = DebugGdILocalion|x64
		{CD3C18BF-7FC7-4EA4-ADC4-09E5283C854E}.Release MX|Win32.ActiveCfg = ReleaseGDILocalion|Win32
		{CD3C18BF-7FC7-4EA4-ADC4-09E5283C854E}.Release MX|Win32.Build.0 = ReleaseGDILocalion|Win32
		{CD3C18BF-7FC7-4EA4-ADC4-09E5283C854E}.Release MX|x64.ActiveCfg = ReleaseGDILocalion|x64
		{CD3C18BF-7FC7-4EA4-ADC4-09E5283C854E}.Release MX|x64.Build.0 = ReleaseGDILocalion|x64
		{CD3C18BF-7FC7-4EA4-ADC4-09E5283C854E}.Release|Win32.ActiveCfg = Release|Win32
		{CD3C18BF-7FC7-4EA4-ADC4-09E5283C854E}.Release|Win32.Build.0 = Release|Win32
		{CD3C18BF-7FC7-4EA4-ADC4-09E5283C854E}.Release|x64.ActiveCfg = Release|x64
		{CD3C18BF-7FC7-4EA4-ADC4-09E5283C854E}.Release|x64.Build.0 = Release|x64
		{CD3C18BF-7FC7-4EA4-ADC4-09E5283C854E}.ReleaseGDILocalion|Win32.ActiveCfg = ReleaseGDILocalion|Win32
		{CD3C18BF-7FC7-4EA4-ADC4-09E5283C854E}.ReleaseGDILocalion|Win32.Build.0 = ReleaseGDILocalion|Win32
		{CD3C18BF-7FC7-4EA4-ADC4-09E5283C854E}.ReleaseGDILocalion|x64.ActiveCfg = ReleaseGDILocalion|x64
		{CD3C18BF-7FC7-4EA4-ADC4-09E5283C854E}.ReleaseGDILocalion|x64.Build.0 = ReleaseGDILocalion|x64
		{128E8BD0-174A-48F0-8771-92B1E8D18713}.Debug MX|Win32.ActiveCfg = DebugGdILocalion|Win32
		{128E8BD0-174A-48F0-8771-92B1E8D18713}.Debug MX|Win32.Build.0 = DebugGdILocalion|Win32
		{128E8BD0-174A-48F0-8771-92B1E8D18713}.Debug MX|x64.ActiveCfg = DebugGdILocalion|x64
		{128E8BD0-174A-48F0-8771-92B1E8D18713}.Debug MX|x64.Build.0 = DebugGdILocalion|x64
		{128E8BD0-174A-48F0-8771-92B1E8D18713}.Debug|Win32.ActiveCfg = Debug|Win32
		{128E8BD0-174A-48F0-8771-92B1E8D18713}.Debug|Win32.Build.0 = Debug|Win32
		{128E8BD0-174A-48F0-8771-92B1E8D18713}.Debug|x64.ActiveCfg = Debug|x64
		{128E8BD0-174A-48F0-8771-92B1E8D18713}.Debug|x64.Build.0 = Debug|x64
		{128E8BD0-174A-48F0-8771-92B1E8D18713}.DebugGdILocalion|Win32.ActiveCfg = DebugGdILocalion|Win32
		{128E8BD0-174A-48F0-8771-92B1E8D18713}.DebugGdILocalion|Win32.Build.0 = DebugGdILocalion|Win32
		{128E8BD0-174A-48F0-8771-92B1E8D18713}.DebugGdILocalion|x64.ActiveCfg = DebugGdILocalion|x64
		{128E8BD0-174A-48F0-8771-92B1E8D18713}.DebugGdILocalion|x64.Build.0 = DebugGdILocalion|x64
		{128E8BD0-174A-48F0-8771-92B1E8D18713}.Release MX|Win32.ActiveCfg = ReleaseGDILocalion|Win32
		{128E8BD0-174A-48F0-8771-92B1E8D18713}.Release MX|Win32.Build.0 = ReleaseGDILocalion|Win32
		{128E8BD0-174A-48F0-8771-92B1E8D18713}.Release MX|x64.ActiveCfg = ReleaseGDILocalion|x64
		{128E8BD0-174A-48F0-8771-92B1E8D18713}.Release MX|x64.Build.0 = ReleaseGDILocalion|x64
		{128E8BD0-174A-48F0-8771-92B1E8D18713}.Release|Win32.ActiveCfg = Release|Win32
		{128E8BD0-174A-48F0-8771-92B1E8D18713}.Release|Win32.Build.0 = Release|Win32
		{128E8BD0-174A-48F0-8771-92B1E8D18713}.Release|x64.ActiveCfg = Release|x64
		{128E8BD0-174A-48F0-8771-92B1E8D18713}.Release|x64.Build.0 = Release|x64
		{128E8BD0-174A-48F0-8771-92B1E8D18713}.ReleaseGDILocalion|Win32.ActiveCfg = ReleaseGDILocalion|Win32
		{128E8BD0-174A-48F0-8771-92B1E8D18713}.ReleaseGDILocalion|Win32.Build.0 = ReleaseGDILocalion|Win32
		{128E8BD0-174A-48F0-8771-92B1E8D18713}.ReleaseGDILocalion|x64.ActiveCfg = ReleaseGDILocalion|x64
		{128E8BD0-174A-48F0-8771-92B1E8D18713}.ReleaseGDILocalion|x64.Build.0 = ReleaseGDILocalion|x64
		{66E3CE14-884D-4AEA-9F20-15A0BEAF8C5A}.Debug MX|Win32.ActiveCfg = DebugGdILocalion|Win32
		{66E3CE14-884D-4AEA-9F20-15A0BEAF8C5A}.Debug MX|Win32.Build.0 = DebugGdILocalion|Win32
		{66E3CE14-884D-4AEA-9F20-15A0BEAF8C5A}.Debug MX|x64.ActiveCfg = DebugGdILocalion|x64
		{66E3CE14-884D-4AEA-9F20-15A0BEAF8C5A}.Debug MX|x64.Build.0 = DebugGdILocalion|x64
		{66E3CE14-884D-4AEA-9F20-15A0BEAF8C5A}.Debug|Win32.ActiveCfg = Debug|Win32
		{66E3CE14-884D-4AEA-9F20-15A0BEAF8C5A}.Debug|Win32.Build.0 = Debug|Win32
		{66E3CE14-884D-4AEA-9F20-15A0BEAF8C5A}.Debug|x64.ActiveCfg = Debug|x64
		{66E3CE14-884D-4AEA-9F20-15A0BEAF8C5A}.Debug|x64.Build.0 = Debug|x64
		{66E3CE14-884D-4AEA-9F20-15A0BEAF8C5A}.DebugGdILocalion|Win32.ActiveCfg = DebugGdILocalion|Win32
		{66E3CE14-884D-4AEA-9F20-15A0BEAF8C5A}.DebugGdILocalion|Win32.Build.0 = DebugGdILocalion|Win32
		{66E3CE14-884D-4AEA-9F20-15A0BEAF8C5A}.DebugGdILocalion|x64.ActiveCfg = DebugGdILocalion|x64
		{66E3CE14-884D-4AEA-9F20-15A0BEAF8C5A}.DebugGdILocalion|x64.Build.0 = DebugGdILocalion|x64
		{66E3CE14-884D-4AEA-9F20-15A0BEAF8C5A}.Release MX|Win32.ActiveCfg = ReleaseGDILocalion|Win32
		{66E3CE14-884D-4AEA-9F20-15A0BEAF8C5A}.Release MX|Win32.Build.0 = ReleaseGDILocalion|Win32
		{66E3CE14-884D-4AEA-9F20-15A0BEAF8C5A}.Release MX|x64.ActiveCfg = ReleaseGDILocalion|x64
		{66E3CE14-884D-4AEA-9F20-15A0BEAF8C5A}.Release MX|x64.Build.0 = ReleaseGDILocalion|x64
		{66E3CE14-884D-4AEA-9F20-15A0BEAF8C5A}.Release|Win32.ActiveCfg = Release|Win32
		{66E3CE14-884D-4AEA-9F20-15A0BEAF8C5A}.Release|Win32.Build.0 = Release|Win32
		{66E3CE14-884D-4AEA-9F20-15A0BEAF8C5A}.Release|x64.ActiveCfg = Release|x64
		{66E3CE14-884D-4AEA-9F20-15A0BEAF8C5A}.Release|x64.Build.0 = Release|x64
		{66E3CE14-884D-4AEA-9F20-15A0BEAF8C5A}.ReleaseGDILocalion|Win32.ActiveCfg = ReleaseGDILocalion|Win32
		{66E3CE14-884D-4AEA-9F20-15A0BEAF8C5A}.ReleaseGDILocalion|Win32.Build.0 = ReleaseGDILocalion|Win32
		{66E3CE14-884D-4AEA-9F20-15A0BEAF8C5A}.ReleaseGDILocalion|x64.ActiveCfg = ReleaseGDILocalion|x64
		{66E3CE14-884D-4AEA-9F20-15A0BEAF8C5A}.ReleaseGDILocalion|x64.Build.0 = ReleaseGDILocalion|x64
		{C65FC252-67B8-4D45-BBDB-1BE0415496BD}.Debug MX|Win32.ActiveCfg = Debug|Win32
		{C65FC252-67B8-4D45-BBDB-1BE0415496BD}.Debug MX|Win32.Build.0 = Debug|Win32
		{C65FC252-67B8-4D45-BBDB-1BE0415496BD}.Debug MX|x64.ActiveCfg = Debug|x64
		{C65FC252-67B8-4D45-BBDB-1BE0415496BD}.Debug MX|x64.Build.0 = Debug|x64
		{C65FC252-67B8-4D45-BBDB-1BE0415496BD}.Debug|Win32.ActiveCfg = Debug|Win32
		{C65FC252-67B8-4D45-BBDB-1BE0415496BD}.Debug|Win32.Build.0 = Debug|Win32
		{C65FC252-67B8-4D45-BBDB-1BE0415496BD}.Debug|x64.ActiveCfg = Debug|x64
		{C65FC252-67B8-4D45-BBDB-1BE0415496BD}.Debug|x64.Build.0 = Debug|x64
		{C65FC252-67B8-4D45-BBDB-1BE0415496BD}.DebugGdILocalion|Win32.ActiveCfg = Debug|Win32
		{C65FC252-67B8-4D45-BBDB-1BE0415496BD}.DebugGdILocalion|Win32.Build.0 = Debug|Win32
		{C65FC252-67B8-4D45-BBDB-1BE0415496BD}.DebugGdILocalion|x64.ActiveCfg = Debug|x64
		{C65FC252-67B8-4D45-BBDB-1BE0415496BD}.DebugGdILocalion|x64.Build.0 = Debug|x64
		{C65FC252-67B8-4D45-BBDB-1BE0415496BD}.Release MX|Win32.ActiveCfg = Release|Win32
		{C65FC252-67B8-4D45-BBDB-1BE0415496BD}.Release MX|Win32.Build.0 = Release|Win32
		{C65FC252-67B8-4D45-BBDB-1BE0415496BD}.Release MX|x64.ActiveCfg = Release|x64
		{C65FC252-67B8-4D45-BBDB-1BE0415496BD}.Release MX|x64.Build.0 = Release|x64
		{C65FC252-67B8-4D45-BBDB-1BE0415496BD}.Release|Win32.ActiveCfg = Release|Win32
		{C65FC252-67B8-4D45-BBDB-1BE0415496BD}.Release|Win32.Build.0 = Release|Win32
		{C65FC252-67B8-4D45-BBDB-1BE0415496BD}.Release|x64.ActiveCfg = Release|x64
		{C65FC252-67B8-4D45-BBDB-1BE0415496BD}.Release|x64.Build.0 = Release|x64
		{C65FC252-67B8-4D45-BBDB-1BE0415496BD}.ReleaseGDILocalion|Win32.ActiveCfg = Release|Win32
		{C65FC252-67B8-4D45-BBDB-1BE0415496BD}.ReleaseGDILocalion|Win32.Build.0 = Release|Win32
		{C65FC252-67B8-4D45-BBDB-1BE0415496BD}.ReleaseGDILocalion|x64.ActiveCfg = Release|x64
		{C65FC252-67B8-4D45-BBDB-1BE0415496BD}.ReleaseGDILocalion|x64.Build.0 = Release|x64
		{7291B18E-8190-4AE0-93BA-E64027F1D4AF}.Debug MX|Win32.ActiveCfg = DebugGdILocalion|Win32
		{7291B18E-8190-4AE0-93BA-E64027F1D4AF}.Debug MX|Win32.Build.0 = DebugGdILocalion|Win32
		{7291B18E-8190-4AE0-93BA-E64027F1D4AF}.Debug MX|x64.ActiveCfg = DebugGdILocalion|x64
		{7291B18E-8190-4AE0-93BA-E64027F1D4AF}.Debug MX|x64.Build.0 = DebugGdILocalion|x64
		{7291B18E-8190-4AE0-93BA-E64027F1D4AF}.Debug|Win32.ActiveCfg = Debug|Win32
		{7291B18E-8190-4AE0-93BA-E64027F1D4AF}.Debug|Win32.Build.0 = Debug|Win32
		{7291B18E-8190-4AE0-93BA-E64027F1D4AF}.Debug|x64.ActiveCfg = Debug|x64
		{7291B18E-8190-4AE0-93BA-E64027F1D4AF}.Debug|x64.Build.0 = Debug|x64
		{7291B18E-8190-4AE0-93BA-E64027F1D4AF}.DebugGdILocalion|Win32.ActiveCfg = DebugGdILocalion|Win32
		{7291B18E-8190-4AE0-93BA-E64027F1D4AF}.DebugGdILocalion|Win32.Build.0 = DebugGdILocalion|Win32
		{7291B18E-8190-4AE0-93BA-E64027F1D4AF}.DebugGdILocalion|x64.ActiveCfg = DebugGdILocalion|x64
		{7291B18E-8190-4AE0-93BA-E64027F1D4AF}.DebugGdILocalion|x64.Build.0 = DebugGdILocalion|x64
		{7291B18E-8190-4AE0-93BA-E64027F1D4AF}.Release MX|Win32.ActiveCfg = ReleaseGDILocalion|Win32
		{7291B18E-8190-4AE0-93BA-E64027F1D4AF}.Release MX|Win32.Build.0 = ReleaseGDILocalion|Win32
		{7291B18E-8190-4AE0-93BA-E64027F1D4AF}.Release MX|x64.ActiveCfg = ReleaseGDILocalion|x64
		{7291B18E-8190-4AE0-93BA-E64027F1D4AF}.Release MX|x64.Build.0 = ReleaseGDILocalion|x64
		{7291B18E-8190-4AE0-93BA-E64027F1D4AF}.Release|Win32.ActiveCfg = Release|Win32
		{7291B18E-8190-4AE0-93BA-E64027F1D4AF}.Release|Win32.Build.0 = Release|Win32
		{7291B18E-8190-4AE0-93BA-E64027F1D4AF}.Release|x64.ActiveCfg = Release|x64
		{7291B18E-8190-4AE0-93BA-E64027F1D4AF}.Release|x64.Build.0 = Release|x64
		{7291B18E-8190-4AE0-93BA-E64027F1D4AF}.ReleaseGDILocalion|Win32.ActiveCfg = ReleaseGDILocalion|Win32
		{7291B18E-8190-4AE0-93BA-E64027F1D4AF}.ReleaseGDILocalion|Win32.Build.0 = ReleaseGDILocalion|Win32
		{7291B18E-8190-4AE0-93BA-E64027F1D4AF}.ReleaseGDILocalion|x64.ActiveCfg = ReleaseGDILocalion|x64
		{7291B18E-8190-4AE0-93BA-E64027F1D4AF}.ReleaseGDILocalion|x64.Build.0 = ReleaseGDILocalion|x64
		{8225DE43-4ED2-4FC7-8046-F2FD1FF60CE3}.Debug MX|Win32.ActiveCfg = Debug|Win32
		{8225DE43-4ED2-4FC7-8046-F2FD1FF60CE3}.Debug MX|Win32.Build.0 = Debug|Win32
		{8225DE43-4ED2-4FC7-8046-F2FD1FF60CE3}.Debug MX|x64.ActiveCfg = Debug|x64
		{8225DE43-4ED2-4FC7-8046-F2FD1FF60CE3}.Debug MX|x64.Build.0 = Debug|x64
		{8225DE43-4ED2-4FC7-8046-F2FD1FF60CE3}.Debug|Win32.ActiveCfg = Debug|Win32
		{8225DE43-4ED2-4FC7-8046-F2FD1FF60CE3}.Debug|Win32.Build.0 = Debug|Win32
		{8225DE43-4ED2-4FC7-8046-F2FD1FF60CE3}.Debug|x64.ActiveCfg = Debug|x64
		{8225DE43-4ED2-4FC7-8046-F2FD1FF60CE3}.Debug|x64.Build.0 = Debug|x64
		{8225DE43-4ED2-4FC7-8046-F2FD1FF60CE3}.DebugGdILocalion|Win32.ActiveCfg = Debug|Win32
		{8225DE43-4ED2-4FC7-8046-F2FD1FF60CE3}.DebugGdILocalion|Win32.Build.0 = Debug|Win32
		{8225DE43-4ED2-4FC7-8046-F2FD1FF60CE3}.DebugGdILocalion|x64.ActiveCfg = Debug|x64
		{8225DE43-4ED2-4FC7-8046-F2FD1FF60CE3}.DebugGdILocalion|x64.Build.0 = Debug|x64
		{8225DE43-4ED2-4FC7-8046-F2FD1FF60CE3}.Release MX|Win32.ActiveCfg = Release|Win32
		{8225DE43-4ED2-4FC7-8046-F2FD1FF60CE3}.Release MX|Win32.Build.0 = Release|Win32
		{8225DE43-4ED2-4FC7-8046-F2FD1FF60CE3}.Release MX|x64.ActiveCfg = Release|x64
		{8225DE43-4ED2-4FC7-8046-F2FD1FF60CE3}.Release MX|x64.Build.0 = Release|x64
		{8225DE43-4ED2-4FC7-8046-F2FD1FF60CE3}.Release|Win32.ActiveCfg = Release|Win32
		{8225DE43-4ED2-4FC7-8046-F2FD1FF60CE3}.Release|Win32.Build.0 = Release|Win32
		{8225DE43-4ED2-4FC7-8046-F2FD1FF60CE3}.Release|x64.ActiveCfg = Release|x64
		{8225DE43-4ED2-4FC7-8046-F2FD1FF60CE3}.Release|x64.Build.0 = Release|x64
		{8225DE43-4ED2-4FC7-8046-F2FD1FF60CE3}.ReleaseGDILocalion|Win32.ActiveCfg = Release|Win32
		{8225DE43-4ED2-4FC7-8046-F2FD1FF60CE3}.ReleaseGDILocalion|Win32.Build.0 = Release|Win32
		{8225DE43-4ED2-4FC7-8046-F2FD1FF60CE3}.ReleaseGDILocalion|x64.ActiveCfg = Release|x64
		{8225DE43-4ED2-4FC7-8046-F2FD1FF60CE3}.ReleaseGDILocalion|x64.Build.0 = Release|x64
		{BDE2411F-DC9B-4CEC-957D-EEC70FC4069A}.Debug MX|Win32.ActiveCfg = DebugGdILocalion|Win32
		{BDE2411F-DC9B-4CEC-957D-EEC70FC4069A}.Debug MX|Win32.Build.0 = DebugGdILocalion|Win32
		{BDE2411F-DC9B-4CEC-957D-EEC70FC4069A}.Debug MX|x64.ActiveCfg = DebugGdILocalion|x64
		{BDE2411F-DC9B-4CEC-957D-EEC70FC4069A}.Debug MX|x64.Build.0 = DebugGdILocalion|x64
		{BDE2411F-DC9B-4CEC-957D-EEC70FC4069A}.Debug|Win32.ActiveCfg = Debug|Win32
		{BDE2411F-DC9B-4CEC-957D-EEC70FC4069A}.Debug|Win32.Build.0 = Debug|Win32
		{BDE2411F-DC9B-4CEC-957D-EEC70FC4069A}.Debug|x64.ActiveCfg = Debug|x64
		{BDE2411F-DC9B-4CEC-957D-EEC70FC4069A}.Debug|x64.Build.0 = Debug|x64
		{BDE2411F-DC9B-4CEC-957D-EEC70FC4069A}.DebugGdILocalion|Win32.ActiveCfg = DebugGdILocalion|Win32
		{BDE2411F-DC9B-4CEC-957D-EEC70FC4069A}.DebugGdILocalion|Win32.Build.0 = DebugGdILocalion|Win32
		{BDE2411F-DC9B-4CEC-957D-EEC70FC4069A}.DebugGdILocalion|x64.ActiveCfg = DebugGdILocalion|x64
		{BDE2411F-DC9B-4CEC-957D-EEC70FC4069A}.DebugGdILocalion|x64.Build.0 = DebugGdILocalion|x64
		{BDE2411F-DC9B-4CEC-957D-EEC70FC4069A}.Release MX|Win32.ActiveCfg = ReleaseGDILocalion|Win32
		{BDE2411F-DC9B-4CEC-957D-EEC70FC4069A}.Release MX|Win32.Build.0 = ReleaseGDILocalion|Win32
		{BDE2411F-DC9B-4CEC-957D-EEC70FC4069A}.Release MX|x64.ActiveCfg = ReleaseGDILocalion|x64
		{BDE2411F-DC9B-4CEC-957D-EEC70FC4069A}.Release MX|x64.Build.0 = ReleaseGDILocalion|x64
		{BDE2411F-DC9B-4CEC-957D-EEC70FC4069A}.Release|Win32.ActiveCfg = Release|Win32
		{BDE2411F-DC9B-4CEC-957D-EEC70FC4069A}.Release|Win32.Build.0 = Release|Win32
		{BDE2411F-DC9B-4CEC-957D-EEC70FC4069A}.Release|x64.ActiveCfg = Release|x64
		{BDE2411F-DC9B-4CEC-957D-EEC70FC4069A}.Release|x64.Build.0 = Release|x64
		{BDE2411F-DC9B-4CEC-957D-EEC70FC4069A}.ReleaseGDILocalion|Win32.ActiveCfg = ReleaseGDILocalion|Win32
		{BDE2411F-DC9B-4CEC-957D-EEC70FC4069A}.ReleaseGDILocalion|Win32.Build.0 = ReleaseGDILocalion|Win32
		{BDE2411F-DC9B-4CEC-957D-EEC70FC4069A}.ReleaseGDILocalion|x64.ActiveCfg = ReleaseGDILocalion|x64
		{BDE2411F-DC9B-4CEC-957D-EEC70FC4069A}.ReleaseGDILocalion|x64.Build.0 = ReleaseGDILocalion|x64
		{7CA1A751-E1ED-4C8A-8315-842841CB648F}.Debug MX|Win32.ActiveCfg = Debug|Win32
		{7CA1A751-E1ED-4C8A-8315-842841CB648F}.Debug MX|Win32.Build.0 = Debug|Win32
		{7CA1A751-E1ED-4C8A-8315-842841CB648F}.Debug MX|x64.ActiveCfg = Debug|x64
		{7CA1A751-E1ED-4C8A-8315-842841CB648F}.Debug MX|x64.Build.0 = Debug|x64
		{7CA1A751-E1ED-4C8A-8315-842841CB648F}.Debug|Win32.ActiveCfg = Debug|Win32
		{7CA1A751-E1ED-4C8A-8315-842841CB648F}.Debug|Win32.Build.0 = Debug|Win32
		{7CA1A751-E1ED-4C8A-8315-842841CB648F}.Debug|x64.ActiveCfg = Debug|x64
		{7CA1A751-E1ED-4C8A-8315-842841CB648F}.Debug|x64.Build.0 = Debug|x64
		{7CA1A751-E1ED-4C8A-8315-842841CB648F}.DebugGdILocalion|Win32.ActiveCfg = Debug|Win32
		{7CA1A751-E1ED-4C8A-8315-842841CB648F}.DebugGdILocalion|Win32.Build.0 = Debug|Win32
		{7CA1A751-E1ED-4C8A-8315-842841CB648F}.DebugGdILocalion|x64.ActiveCfg = Debug|x64
		{7CA1A751-E1ED-4C8A-8315-842841CB648F}.DebugGdILocalion|x64.Build.0 = Debug|x64
		{7CA1A751-E1ED-4C8A-8315-842841CB648F}.Release MX|Win32.ActiveCfg = Release|Win32
		{7CA1A751-E1ED-4C8A-8315-842841CB648F}.Release MX|Win32.Build.0 = Release|Win32
		{7CA1A751-E1ED-4C8A-8315-842841CB648F}.Release MX|x64.ActiveCfg = Release|x64
		{7CA1A751-E1ED-4C8A-8315-842841CB648F}.Release MX|x64.Build.0 = Release|x64
		{7CA1A751-E1ED-4C8A-8315-842841CB648F}.Release|Win32.ActiveCfg = Release|Win32
		{7CA1A751-E1ED-4C8A-8315-842841CB648F}.Release|Win32.Build.0 = Release|Win32
		{7CA1A751-E1ED-4C8A-8315-842841CB648F}.Release|x64.ActiveCfg = Release|x64
		{7CA1A751-E1ED-4C8A-8315-842841CB648F}.Release|x64.Build.0 = Release|x64
		{7CA1A751-E1ED-4C8A-8315-842841CB648F}.ReleaseGDILocalion|Win32.ActiveCfg = Release|Win32
		{7CA1A751-E1ED-4C8A-8315-842841CB648F}.ReleaseGDILocalion|Win32.Build.0 = Release|Win32
		{7CA1A751-E1ED-4C8A-8315-842841CB648F}.ReleaseGDILocalion|x64.ActiveCfg = Release|x64
		{7CA1A751-E1ED-4C8A-8315-842841CB648F}.ReleaseGDILocalion|x64.Build.0 = Release|x64
		{664E6F0D-6784-4760-9565-D54F8EB1EDF4}.Debug MX|Win32.ActiveCfg = Debug MX|Win32
		{664E6F0D-6784-4760-9565-D54F8EB1EDF4}.Debug MX|Win32.Build.0 = Debug MX|Win32
		{664E6F0D-6784-4760-9565-D54F8EB1EDF4}.Debug MX|x64.ActiveCfg = Debug MX|x64
		{664E6F0D-6784-4760-9565-D54F8EB1EDF4}.Debug MX|x64.Build.0 = Debug MX|x64
		{664E6F0D-6784-4760-9565-D54F8EB1EDF4}.Debug|Win32.ActiveCfg = Debug|Win32
		{664E6F0D-6784-4760-9565-D54F8EB1EDF4}.Debug|Win32.Build.0 = Debug|Win32
		{664E6F0D-6784-4760-9565-D54F8EB1EDF4}.Debug|x64.ActiveCfg = Debug|x64
		{664E6F0D-6784-4760-9565-D54F8EB1EDF4}.Debug|x64.Build.0 = Debug|x64
		{664E6F0D-6784-4760-9565-D54F8EB1EDF4}.DebugGdILocalion|Win32.ActiveCfg = DebugGdILocalion|Win32
		{664E6F0D-6784-4760-9565-D54F8EB1EDF4}.DebugGdILocalion|Win32.Build.0 = DebugGdILocalion|Win32
		{664E6F0D-6784-4760-9565-D54F8EB1EDF4}.DebugGdILocalion|x64.ActiveCfg = DebugGdILocalion|x64
		{664E6F0D-6784-4760-9565-D54F8EB1EDF4}.DebugGdILocalion|x64.Build.0 = DebugGdILocalion|x64
		{664E6F0D-6784-4760-9565-D54F8EB1EDF4}.Release MX|Win32.ActiveCfg = Release MX|Win32
		{664E6F0D-6784-4760-9565-D54F8EB1EDF4}.Release MX|Win32.Build.0 = Release MX|Win32
		{664E6F0D-6784-4760-9565-D54F8EB1EDF4}.Release MX|x64.ActiveCfg = Release MX|x64
		{664E6F0D-6784-4760-9565-D54F8EB1EDF4}.Release MX|x64.Build.0 = Release MX|x64
		{664E6F0D-6784-4760-9565-D54F8EB1EDF4}.Release|Win32.ActiveCfg = Release|Win32
		{664E6F0D-6784-4760-9565-D54F8EB1EDF4}.Release|Win32.Build.0 = Release|Win32
		{664E6F0D-6784-4760-9565-D54F8EB1EDF4}.Release|x64.ActiveCfg = Release|x64
		{664E6F0D-6784-4760-9565-D54F8EB1EDF4}.Release|x64.Build.0 = Release|x64
		{664E6F0D-6784-4760-9565-D54F8EB1EDF4}.ReleaseGDILocalion|Win32.ActiveCfg = ReleaseGDILocalion|Win32
		{664E6F0D-6784-4760-9565-D54F8EB1EDF4}.ReleaseGDILocalion|Win32.Build.0 = ReleaseGDILocalion|Win32
		{664E6F0D-6784-4760-9565-D54F8EB1EDF4}.ReleaseGDILocalion|x64.ActiveCfg = ReleaseGDILocalion|x64
		{664E6F0D-6784-4760-9565-D54F8EB1EDF4}.ReleaseGDILocalion|x64.Build.0 = ReleaseGDILocalion|x64
	EndGlobalSection
	GlobalSection(SolutionProperties) = preSolution
		HideSolutionNode = FALSE
	EndGlobalSection
EndGlobal
